
Microsoft Visual Studio Solution File, Format Version 12.00
# Visual Studio Version 17
VisualStudioVersion = 17.2.32630.192
MinimumVisualStudioVersion = 10.0.40219.1
Project("{FAE04EC0-301F-11D3-BF4B-00C04F79EFBC}") = "SelectionStat", "SelectionStat\SelectionStat.csproj", "{3410DB97-EC6B-4794-9D13-5E35A039EB4F}"
EndProject
Global
	GlobalSection(SolutionConfigurationPlatforms) = preSolution
		Debug|Any CPU = Debug|Any CPU
		Release|Any CPU = Release|Any CPU
	EndGlobalSection
	GlobalSection(ProjectConfigurationPlatforms) = postSolution
		{3410DB97-EC6B-4794-9D13-5E35A039EB4F}.Debug|Any CPU.ActiveCfg = Debug|Any CPU
		{3410DB97-EC6B-4794-9D13-5E35A039EB4F}.Debug|Any CPU.Build.0 = Debug|Any CPU
		{3410DB97-EC6B-4794-9D13-5E35A039EB4F}.Release|Any CPU.ActiveCfg = Release|Any CPU
		{3410DB97-EC6B-4794-9D13-5E35A039EB4F}.Release|Any CPU.Build.0 = Release|Any CPU
	EndGlobalSection
	GlobalSection(SolutionProperties) = preSolution
		HideSolutionNode = FALSE
	EndGlobalSection
	GlobalSection(ExtensibilityGlobals) = postSolution
		SolutionGuid = {BE0935B0-BB2A-42EC-A4C2-C0B26EF19CBD}
	EndGlobalSection
EndGlobal
